
Microsoft Visual Studio Solution File, Format Version 12.00
# Visual Studio Version 16
VisualStudioVersion = 16.0.30225.117
MinimumVisualStudioVersion = 10.0.40219.1
Project("{FAE04EC0-301F-11D3-BF4B-00C04F79EFBC}") = "Lab7_4DatingGameOOPEncapAbstract", "Lab7_4DatingGameOOPEncapAbstract.csproj", "{97703466-189E-4323-8DDE-D21003962AFB}"
EndProject
Global
	GlobalSection(SolutionConfigurationPlatforms) = preSolution
		Debug|Any CPU = Debug|Any CPU
		Release|Any CPU = Release|Any CPU
	EndGlobalSection
	GlobalSection(ProjectConfigurationPlatforms) = postSolution
		{97703466-189E-4323-8DDE-D21003962AFB}.Debug|Any CPU.ActiveCfg = Debug|Any CPU
		{97703466-189E-4323-8DDE-D21003962AFB}.Debug|Any CPU.Build.0 = Debug|Any CPU
		{97703466-189E-4323-8DDE-D21003962AFB}.Release|Any CPU.ActiveCfg = Release|Any CPU
		{97703466-189E-4323-8DDE-D21003962AFB}.Release|Any CPU.Build.0 = Release|Any CPU
	EndGlobalSection
	GlobalSection(SolutionProperties) = preSolution
		HideSolutionNode = FALSE
	EndGlobalSection
	GlobalSection(ExtensibilityGlobals) = postSolution
		SolutionGuid = {8604FB16-6533-4508-843E-196892A84A3A}
	EndGlobalSection
EndGlobal
